// !$*UTF8*$!
{
	archiveVersion = 1;
	classes = {
	};
	objectVersion = 50;
	objects = {

/* Begin PBXBuildFile section */
		3E0662BC2577D9CA004C62E2 /* LoginFacade.swift in Sources */ = {isa = PBXBuildFile; fileRef = 3E0662BB2577D9CA004C62E2 /* LoginFacade.swift */; };
		3E0662C42577DA72004C62E2 /* User.swift in Sources */ = {isa = PBXBuildFile; fileRef = 3E0662C32577DA72004C62E2 /* User.swift */; };
		3E0662C92577DAA7004C62E2 /* BackEndStoreProtocol.swift in Sources */ = {isa = PBXBuildFile; fileRef = 3E0662C82577DAA7004C62E2 /* BackEndStoreProtocol.swift */; };
		3E0662CE2577DADF004C62E2 /* UserDefaultsBackEndStore.swift in Sources */ = {isa = PBXBuildFile; fileRef = 3E0662CD2577DADF004C62E2 /* UserDefaultsBackEndStore.swift */; };
		3E464FE725AA328400A7E69C /* LoginController.swift in Sources */ = {isa = PBXBuildFile; fileRef = 3E464FE625AA328400A7E69C /* LoginController.swift */; };
		3E50F3C725743E3B00E86CD7 /* AppDelegate.swift in Sources */ = {isa = PBXBuildFile; fileRef = 3E50F3C625743E3B00E86CD7 /* AppDelegate.swift */; };
		3E50F3C925743E3B00E86CD7 /* SceneDelegate.swift in Sources */ = {isa = PBXBuildFile; fileRef = 3E50F3C825743E3B00E86CD7 /* SceneDelegate.swift */; };
		3E50F3CB25743E3B00E86CD7 /* LoginViewController.swift in Sources */ = {isa = PBXBuildFile; fileRef = 3E50F3CA25743E3B00E86CD7 /* LoginViewController.swift */; };
		3E50F3CE25743E3B00E86CD7 /* Main.storyboard in Resources */ = {isa = PBXBuildFile; fileRef = 3E50F3CC25743E3B00E86CD7 /* Main.storyboard */; };
		3E50F3D025743E3B00E86CD7 /* Assets.xcassets in Resources */ = {isa = PBXBuildFile; fileRef = 3E50F3CF25743E3B00E86CD7 /* Assets.xcassets */; };
		3E50F3D325743E3B00E86CD7 /* LaunchScreen.storyboard in Resources */ = {isa = PBXBuildFile; fileRef = 3E50F3D125743E3B00E86CD7 /* LaunchScreen.storyboard */; };
		3E50F4052574405E00E86CD7 /* LoginFacadeTests.swift in Sources */ = {isa = PBXBuildFile; fileRef = 3E50F4042574405E00E86CD7 /* LoginFacadeTests.swift */; };
		3EA7C9EB2623B55300678489 /* LoginOperationsProtocol.swift in Sources */ = {isa = PBXBuildFile; fileRef = 3EA7C9EA2623B55300678489 /* LoginOperationsProtocol.swift */; };
		3ED8F5982580435300989E9F /* LoginControllerTests.swift in Sources */ = {isa = PBXBuildFile; fileRef = 3ED8F5972580435300989E9F /* LoginControllerTests.swift */; };
/* End PBXBuildFile section */

/* Begin PBXContainerItemProxy section */
		3E50F3DA25743E3C00E86CD7 /* PBXContainerItemProxy */ = {
			isa = PBXContainerItemProxy;
			containerPortal = 3E50F3BB25743E3B00E86CD7 /* Project object */;
			proxyType = 1;
			remoteGlobalIDString = 3E50F3C225743E3B00E86CD7;
			remoteInfo = CocktailApp;
		};
/* End PBXContainerItemProxy section */

/* Begin PBXFileReference section */
		3E0662BB2577D9CA004C62E2 /* LoginFacade.swift */ = {isa = PBXFileReference; lastKnownFileType = sourcecode.swift; path = LoginFacade.swift; sourceTree = "<group>"; };
		3E0662C32577DA72004C62E2 /* User.swift */ = {isa = PBXFileReference; lastKnownFileType = sourcecode.swift; path = User.swift; sourceTree = "<group>"; };
		3E0662C82577DAA7004C62E2 /* BackEndStoreProtocol.swift */ = {isa = PBXFileReference; lastKnownFileType = sourcecode.swift; path = BackEndStoreProtocol.swift; sourceTree = "<group>"; };
		3E0662CD2577DADF004C62E2 /* UserDefaultsBackEndStore.swift */ = {isa = PBXFileReference; lastKnownFileType = sourcecode.swift; path = UserDefaultsBackEndStore.swift; sourceTree = "<group>"; };
		3E464FE625AA328400A7E69C /* LoginController.swift */ = {isa = PBXFileReference; lastKnownFileType = sourcecode.swift; path = LoginController.swift; sourceTree = "<group>"; };
		3E50F3C325743E3B00E86CD7 /* CocktailApp.app */ = {isa = PBXFileReference; explicitFileType = wrapper.application; includeInIndex = 0; path = CocktailApp.app; sourceTree = BUILT_PRODUCTS_DIR; };
		3E50F3C625743E3B00E86CD7 /* AppDelegate.swift */ = {isa = PBXFileReference; lastKnownFileType = sourcecode.swift; path = AppDelegate.swift; sourceTree = "<group>"; };
		3E50F3C825743E3B00E86CD7 /* SceneDelegate.swift */ = {isa = PBXFileReference; lastKnownFileType = sourcecode.swift; path = SceneDelegate.swift; sourceTree = "<group>"; };
		3E50F3CA25743E3B00E86CD7 /* LoginViewController.swift */ = {isa = PBXFileReference; lastKnownFileType = sourcecode.swift; path = LoginViewController.swift; sourceTree = "<group>"; };
		3E50F3CD25743E3B00E86CD7 /* Base */ = {isa = PBXFileReference; lastKnownFileType = file.storyboard; name = Base; path = Base.lproj/Main.storyboard; sourceTree = "<group>"; };
		3E50F3CF25743E3B00E86CD7 /* Assets.xcassets */ = {isa = PBXFileReference; lastKnownFileType = folder.assetcatalog; path = Assets.xcassets; sourceTree = "<group>"; };
		3E50F3D225743E3B00E86CD7 /* Base */ = {isa = PBXFileReference; lastKnownFileType = file.storyboard; name = Base; path = Base.lproj/LaunchScreen.storyboard; sourceTree = "<group>"; };
		3E50F3D425743E3B00E86CD7 /* Info.plist */ = {isa = PBXFileReference; lastKnownFileType = text.plist.xml; path = Info.plist; sourceTree = "<group>"; };
		3E50F3D925743E3C00E86CD7 /* CocktailAppTests.xctest */ = {isa = PBXFileReference; explicitFileType = wrapper.cfbundle; includeInIndex = 0; path = CocktailAppTests.xctest; sourceTree = BUILT_PRODUCTS_DIR; };
		3E50F3DF25743E3C00E86CD7 /* Info.plist */ = {isa = PBXFileReference; lastKnownFileType = text.plist.xml; path = Info.plist; sourceTree = "<group>"; };
		3E50F4042574405E00E86CD7 /* LoginFacadeTests.swift */ = {isa = PBXFileReference; lastKnownFileType = sourcecode.swift; path = LoginFacadeTests.swift; sourceTree = "<group>"; };
		3EA7C9EA2623B55300678489 /* LoginOperationsProtocol.swift */ = {isa = PBXFileReference; lastKnownFileType = sourcecode.swift; path = LoginOperationsProtocol.swift; sourceTree = "<group>"; };
		3ED8F5972580435300989E9F /* LoginControllerTests.swift */ = {isa = PBXFileReference; lastKnownFileType = sourcecode.swift; path = LoginControllerTests.swift; sourceTree = "<group>"; };
/* End PBXFileReference section */

/* Begin PBXFrameworksBuildPhase section */
		3E50F3C025743E3B00E86CD7 /* Frameworks */ = {
			isa = PBXFrameworksBuildPhase;
			buildActionMask = 2147483647;
			files = (
			);
			runOnlyForDeploymentPostprocessing = 0;
		};
		3E50F3D625743E3C00E86CD7 /* Frameworks */ = {
			isa = PBXFrameworksBuildPhase;
			buildActionMask = 2147483647;
			files = (
			);
			runOnlyForDeploymentPostprocessing = 0;
		};
/* End PBXFrameworksBuildPhase section */

/* Begin PBXGroup section */
		3E0662BA2577D993004C62E2 /* Model */ = {
			isa = PBXGroup;
			children = (
				3EA7C9EA2623B55300678489 /* LoginOperationsProtocol.swift */,
				3E0662BB2577D9CA004C62E2 /* LoginFacade.swift */,
				3E0662C32577DA72004C62E2 /* User.swift */,
				3E0662C82577DAA7004C62E2 /* BackEndStoreProtocol.swift */,
				3E0662CD2577DADF004C62E2 /* UserDefaultsBackEndStore.swift */,
			);
			path = Model;
			sourceTree = "<group>";
		};
		3E464FEB25AA32DC00A7E69C /* Controller */ = {
			isa = PBXGroup;
			children = (
				3E464FE625AA328400A7E69C /* LoginController.swift */,
			);
			path = Controller;
			sourceTree = "<group>";
		};
		3E50F3BA25743E3B00E86CD7 = {
			isa = PBXGroup;
			children = (
				3E50F3C525743E3B00E86CD7 /* CocktailApp */,
				3E50F3DC25743E3C00E86CD7 /* CocktailAppTests */,
				3E50F3C425743E3B00E86CD7 /* Products */,
			);
			sourceTree = "<group>";
		};
		3E50F3C425743E3B00E86CD7 /* Products */ = {
			isa = PBXGroup;
			children = (
				3E50F3C325743E3B00E86CD7 /* CocktailApp.app */,
				3E50F3D925743E3C00E86CD7 /* CocktailAppTests.xctest */,
			);
			name = Products;
			sourceTree = "<group>";
		};
		3E50F3C525743E3B00E86CD7 /* CocktailApp */ = {
			isa = PBXGroup;
			children = (
				3E50F3C625743E3B00E86CD7 /* AppDelegate.swift */,
				3E50F3C825743E3B00E86CD7 /* SceneDelegate.swift */,
				3E50F3CA25743E3B00E86CD7 /* LoginViewController.swift */,
				3E50F3CC25743E3B00E86CD7 /* Main.storyboard */,
				3E50F3CF25743E3B00E86CD7 /* Assets.xcassets */,
				3E50F3D125743E3B00E86CD7 /* LaunchScreen.storyboard */,
				3E50F3D425743E3B00E86CD7 /* Info.plist */,
				3E464FEB25AA32DC00A7E69C /* Controller */,
				3E0662BA2577D993004C62E2 /* Model */,
			);
			path = CocktailApp;
			sourceTree = "<group>";
		};
		3E50F3DC25743E3C00E86CD7 /* CocktailAppTests */ = {
			isa = PBXGroup;
			children = (
				3E50F3DF25743E3C00E86CD7 /* Info.plist */,
				3E50F4042574405E00E86CD7 /* LoginFacadeTests.swift */,
				3ED8F5972580435300989E9F /* LoginControllerTests.swift */,
			);
			path = CocktailAppTests;
			sourceTree = "<group>";
		};
/* End PBXGroup section */

/* Begin PBXNativeTarget section */
		3E50F3C225743E3B00E86CD7 /* CocktailApp */ = {
			isa = PBXNativeTarget;
			buildConfigurationList = 3E50F3ED25743E3C00E86CD7 /* Build configuration list for PBXNativeTarget "CocktailApp" */;
			buildPhases = (
				3E50F3BF25743E3B00E86CD7 /* Sources */,
				3E50F3C025743E3B00E86CD7 /* Frameworks */,
				3E50F3C125743E3B00E86CD7 /* Resources */,
			);
			buildRules = (
			);
			dependencies = (
			);
			name = CocktailApp;
			productName = CocktailApp;
			productReference = 3E50F3C325743E3B00E86CD7 /* CocktailApp.app */;
			productType = "com.apple.product-type.application";
		};
		3E50F3D825743E3C00E86CD7 /* CocktailAppTests */ = {
			isa = PBXNativeTarget;
			buildConfigurationList = 3E50F3F025743E3C00E86CD7 /* Build configuration list for PBXNativeTarget "CocktailAppTests" */;
			buildPhases = (
				3E50F3D525743E3C00E86CD7 /* Sources */,
				3E50F3D625743E3C00E86CD7 /* Frameworks */,
				3E50F3D725743E3C00E86CD7 /* Resources */,
			);
			buildRules = (
			);
			dependencies = (
				3E50F3DB25743E3C00E86CD7 /* PBXTargetDependency */,
			);
			name = CocktailAppTests;
			productName = CocktailAppTests;
			productReference = 3E50F3D925743E3C00E86CD7 /* CocktailAppTests.xctest */;
			productType = "com.apple.product-type.bundle.unit-test";
		};
/* End PBXNativeTarget section */

/* Begin PBXProject section */
		3E50F3BB25743E3B00E86CD7 /* Project object */ = {
			isa = PBXProject;
			attributes = {
				LastSwiftUpdateCheck = 1200;
				LastUpgradeCheck = 1200;
				TargetAttributes = {
					3E50F3C225743E3B00E86CD7 = {
						CreatedOnToolsVersion = 12.0;
					};
					3E50F3D825743E3C00E86CD7 = {
						CreatedOnToolsVersion = 12.0;
						LastSwiftMigration = 1200;
						TestTargetID = 3E50F3C225743E3B00E86CD7;
					};
				};
			};
			buildConfigurationList = 3E50F3BE25743E3B00E86CD7 /* Build configuration list for PBXProject "CocktailApp" */;
			compatibilityVersion = "Xcode 9.3";
			developmentRegion = en;
			hasScannedForEncodings = 0;
			knownRegions = (
				en,
				Base,
			);
			mainGroup = 3E50F3BA25743E3B00E86CD7;
			productRefGroup = 3E50F3C425743E3B00E86CD7 /* Products */;
			projectDirPath = "";
			projectRoot = "";
			targets = (
				3E50F3C225743E3B00E86CD7 /* CocktailApp */,
				3E50F3D825743E3C00E86CD7 /* CocktailAppTests */,
			);
		};
/* End PBXProject section */

/* Begin PBXResourcesBuildPhase section */
		3E50F3C125743E3B00E86CD7 /* Resources */ = {
			isa = PBXResourcesBuildPhase;
			buildActionMask = 2147483647;
			files = (
				3E50F3D325743E3B00E86CD7 /* LaunchScreen.storyboard in Resources */,
				3E50F3D025743E3B00E86CD7 /* Assets.xcassets in Resources */,
				3E50F3CE25743E3B00E86CD7 /* Main.storyboard in Resources */,
			);
			runOnlyForDeploymentPostprocessing = 0;
		};
		3E50F3D725743E3C00E86CD7 /* Resources */ = {
			isa = PBXResourcesBuildPhase;
			buildActionMask = 2147483647;
			files = (
			);
			runOnlyForDeploymentPostprocessing = 0;
		};
/* End PBXResourcesBuildPhase section */

/* Begin PBXSourcesBuildPhase section */
		3E50F3BF25743E3B00E86CD7 /* Sources */ = {
			isa = PBXSourcesBuildPhase;
			buildActionMask = 2147483647;
			files = (
				3EA7C9EB2623B55300678489 /* LoginOperationsProtocol.swift in Sources */,
				3E0662C92577DAA7004C62E2 /* BackEndStoreProtocol.swift in Sources */,
				3E50F3CB25743E3B00E86CD7 /* LoginViewController.swift in Sources */,
				3E0662BC2577D9CA004C62E2 /* LoginFacade.swift in Sources */,
				3E0662CE2577DADF004C62E2 /* UserDefaultsBackEndStore.swift in Sources */,
				3E50F3C725743E3B00E86CD7 /* AppDelegate.swift in Sources */,
				3E464FE725AA328400A7E69C /* LoginController.swift in Sources */,
				3E0662C42577DA72004C62E2 /* User.swift in Sources */,
				3E50F3C925743E3B00E86CD7 /* SceneDelegate.swift in Sources */,
			);
			runOnlyForDeploymentPostprocessing = 0;
		};
		3E50F3D525743E3C00E86CD7 /* Sources */ = {
			isa = PBXSourcesBuildPhase;
			buildActionMask = 2147483647;
			files = (
				3E50F4052574405E00E86CD7 /* LoginFacadeTests.swift in Sources */,
				3ED8F5982580435300989E9F /* LoginControllerTests.swift in Sources */,
			);
			runOnlyForDeploymentPostprocessing = 0;
		};
/* End PBXSourcesBuildPhase section */

/* Begin PBXTargetDependency section */
		3E50F3DB25743E3C00E86CD7 /* PBXTargetDependency */ = {
			isa = PBXTargetDependency;
			target = 3E50F3C225743E3B00E86CD7 /* CocktailApp */;
			targetProxy = 3E50F3DA25743E3C00E86CD7 /* PBXContainerItemProxy */;
		};
/* End PBXTargetDependency section */

/* Begin PBXVariantGroup section */
		3E50F3CC25743E3B00E86CD7 /* Main.storyboard */ = {
			isa = PBXVariantGroup;
			children = (
				3E50F3CD25743E3B00E86CD7 /* Base */,
			);
			name = Main.storyboard;
			sourceTree = "<group>";
		};
		3E50F3D125743E3B00E86CD7 /* LaunchScreen.storyboard */ = {
			isa = PBXVariantGroup;
			children = (
				3E50F3D225743E3B00E86CD7 /* Base */,
			);
			name = LaunchScreen.storyboard;
			sourceTree = "<group>";
		};
/* End PBXVariantGroup section */

/* Begin XCBuildConfiguration section */
		3E50F3EB25743E3C00E86CD7 /* Debug */ = {
			isa = XCBuildConfiguration;
			buildSettings = {
				ALWAYS_SEARCH_USER_PATHS = NO;
				CLANG_ANALYZER_NONNULL = YES;
				CLANG_ANALYZER_NUMBER_OBJECT_CONVERSION = YES_AGGRESSIVE;
				CLANG_CXX_LANGUAGE_STANDARD = "gnu++14";
				CLANG_CXX_LIBRARY = "libc++";
				CLANG_ENABLE_MODULES = YES;
				CLANG_ENABLE_OBJC_ARC = YES;
				CLANG_ENABLE_OBJC_WEAK = YES;
				CLANG_WARN_BLOCK_CAPTURE_AUTORELEASING = YES;
				CLANG_WARN_BOOL_CONVERSION = YES;
				CLANG_WARN_COMMA = YES;
				CLANG_WARN_CONSTANT_CONVERSION = YES;
				CLANG_WARN_DEPRECATED_OBJC_IMPLEMENTATIONS = YES;
				CLANG_WARN_DIRECT_OBJC_ISA_USAGE = YES_ERROR;
				CLANG_WARN_DOCUMENTATION_COMMENTS = YES;
				CLANG_WARN_EMPTY_BODY = YES;
				CLANG_WARN_ENUM_CONVERSION = YES;
				CLANG_WARN_INFINITE_RECURSION = YES;
				CLANG_WARN_INT_CONVERSION = YES;
				CLANG_WARN_NON_LITERAL_NULL_CONVERSION = YES;
				CLANG_WARN_OBJC_IMPLICIT_RETAIN_SELF = YES;
				CLANG_WARN_OBJC_LITERAL_CONVERSION = YES;
				CLANG_WARN_OBJC_ROOT_CLASS = YES_ERROR;
				CLANG_WARN_QUOTED_INCLUDE_IN_FRAMEWORK_HEADER = YES;
				CLANG_WARN_RANGE_LOOP_ANALYSIS = YES;
				CLANG_WARN_STRICT_PROTOTYPES = YES;
				CLANG_WARN_SUSPICIOUS_MOVE = YES;
				CLANG_WARN_UNGUARDED_AVAILABILITY = YES_AGGRESSIVE;
				CLANG_WARN_UNREACHABLE_CODE = YES;
				CLANG_WARN__DUPLICATE_METHOD_MATCH = YES;
				COPY_PHASE_STRIP = NO;
				DEBUG_INFORMATION_FORMAT = dwarf;
				ENABLE_STRICT_OBJC_MSGSEND = YES;
				ENABLE_TESTABILITY = YES;
				GCC_C_LANGUAGE_STANDARD = gnu11;
				GCC_DYNAMIC_NO_PIC = NO;
				GCC_NO_COMMON_BLOCKS = YES;
				GCC_OPTIMIZATION_LEVEL = 0;
				GCC_PREPROCESSOR_DEFINITIONS = (
					"DEBUG=1",
					"$(inherited)",
				);
				GCC_WARN_64_TO_32_BIT_CONVERSION = YES;
				GCC_WARN_ABOUT_RETURN_TYPE = YES_ERROR;
				GCC_WARN_UNDECLARED_SELECTOR = YES;
				GCC_WARN_UNINITIALIZED_AUTOS = YES_AGGRESSIVE;
				GCC_WARN_UNUSED_FUNCTION = YES;
				GCC_WARN_UNUSED_VARIABLE = YES;
				IPHONEOS_DEPLOYMENT_TARGET = 14.0;
				MTL_ENABLE_DEBUG_INFO = INCLUDE_SOURCE;
				MTL_FAST_MATH = YES;
				ONLY_ACTIVE_ARCH = YES;
				SDKROOT = iphoneos;
				SWIFT_ACTIVE_COMPILATION_CONDITIONS = DEBUG;
				SWIFT_OPTIMIZATION_LEVEL = "-Onone";
			};
			name = Debug;
		};
		3E50F3EC25743E3C00E86CD7 /* Release */ = {
			isa = XCBuildConfiguration;
			buildSettings = {
				ALWAYS_SEARCH_USER_PATHS = NO;
				CLANG_ANALYZER_NONNULL = YES;
				CLANG_ANALYZER_NUMBER_OBJECT_CONVERSION = YES_AGGRESSIVE;
				CLANG_CXX_LANGUAGE_STANDARD = "gnu++14";
				CLANG_CXX_LIBRARY = "libc++";
				CLANG_ENABLE_MODULES = YES;
				CLANG_ENABLE_OBJC_ARC = YES;
				CLANG_ENABLE_OBJC_WEAK = YES;
				CLANG_WARN_BLOCK_CAPTURE_AUTORELEASING = YES;
				CLANG_WARN_BOOL_CONVERSION = YES;
				CLANG_WARN_COMMA = YES;
				CLANG_WARN_CONSTANT_CONVERSION = YES;
				CLANG_WARN_DEPRECATED_OBJC_IMPLEMENTATIONS = YES;
				CLANG_WARN_DIRECT_OBJC_ISA_USAGE = YES_ERROR;
				CLANG_WARN_DOCUMENTATION_COMMENTS = YES;
				CLANG_WARN_EMPTY_BODY = YES;
				CLANG_WARN_ENUM_CONVERSION = YES;
				CLANG_WARN_INFINITE_RECURSION = YES;
				CLANG_WARN_INT_CONVERSION = YES;
				CLANG_WARN_NON_LITERAL_NULL_CONVERSION = YES;
				CLANG_WARN_OBJC_IMPLICIT_RETAIN_SELF = YES;
				CLANG_WARN_OBJC_LITERAL_CONVERSION = YES;
				CLANG_WARN_OBJC_ROOT_CLASS = YES_ERROR;
				CLANG_WARN_QUOTED_INCLUDE_IN_FRAMEWORK_HEADER = YES;
				CLANG_WARN_RANGE_LOOP_ANALYSIS = YES;
				CLANG_WARN_STRICT_PROTOTYPES = YES;
				CLANG_WARN_SUSPICIOUS_MOVE = YES;
				CLANG_WARN_UNGUARDED_AVAILABILITY = YES_AGGRESSIVE;
				CLANG_WARN_UNREACHABLE_CODE = YES;
				CLANG_WARN__DUPLICATE_METHOD_MATCH = YES;
				COPY_PHASE_STRIP = NO;
				DEBUG_INFORMATION_FORMAT = "dwarf-with-dsym";
				ENABLE_NS_ASSERTIONS = NO;
				ENABLE_STRICT_OBJC_MSGSEND = YES;
				GCC_C_LANGUAGE_STANDARD = gnu11;
				GCC_NO_COMMON_BLOCKS = YES;
				GCC_WARN_64_TO_32_BIT_CONVERSION = YES;
				GCC_WARN_ABOUT_RETURN_TYPE = YES_ERROR;
				GCC_WARN_UNDECLARED_SELECTOR = YES;
				GCC_WARN_UNINITIALIZED_AUTOS = YES_AGGRESSIVE;
				GCC_WARN_UNUSED_FUNCTION = YES;
				GCC_WARN_UNUSED_VARIABLE = YES;
				IPHONEOS_DEPLOYMENT_TARGET = 14.0;
				MTL_ENABLE_DEBUG_INFO = NO;
				MTL_FAST_MATH = YES;
				SDKROOT = iphoneos;
				SWIFT_COMPILATION_MODE = wholemodule;
				SWIFT_OPTIMIZATION_LEVEL = "-O";
				VALIDATE_PRODUCT = YES;
			};
			name = Release;
		};
		3E50F3EE25743E3C00E86CD7 /* Debug */ = {
			isa = XCBuildConfiguration;
			buildSettings = {
				ASSETCATALOG_COMPILER_APPICON_NAME = AppIcon;
				ASSETCATALOG_COMPILER_GLOBAL_ACCENT_COLOR_NAME = AccentColor;
				CODE_SIGN_STYLE = Automatic;
				INFOPLIST_FILE = CocktailApp/Info.plist;
				LD_RUNPATH_SEARCH_PATHS = (
					"$(inherited)",
					"@executable_path/Frameworks",
				);
				PRODUCT_BUNDLE_IDENTIFIER = osorio.ramirez.CocktailApp;
				PRODUCT_NAME = "$(TARGET_NAME)";
				SWIFT_VERSION = 5.0;
				TARGETED_DEVICE_FAMILY = "1,2";
			};
			name = Debug;
		};
		3E50F3EF25743E3C00E86CD7 /* Release */ = {
			isa = XCBuildConfiguration;
			buildSettings = {
				ASSETCATALOG_COMPILER_APPICON_NAME = AppIcon;
				ASSETCATALOG_COMPILER_GLOBAL_ACCENT_COLOR_NAME = AccentColor;
				CODE_SIGN_STYLE = Automatic;
				INFOPLIST_FILE = CocktailApp/Info.plist;
				LD_RUNPATH_SEARCH_PATHS = (
					"$(inherited)",
					"@executable_path/Frameworks",
				);
				PRODUCT_BUNDLE_IDENTIFIER = osorio.ramirez.CocktailApp;
				PRODUCT_NAME = "$(TARGET_NAME)";
				SWIFT_VERSION = 5.0;
				TARGETED_DEVICE_FAMILY = "1,2";
			};
			name = Release;
		};
		3E50F3F125743E3C00E86CD7 /* Debug */ = {
			isa = XCBuildConfiguration;
			buildSettings = {
				ALWAYS_EMBED_SWIFT_STANDARD_LIBRARIES = YES;
				BUNDLE_LOADER = "$(TEST_HOST)";
				CLANG_ENABLE_MODULES = YES;
				CODE_SIGN_STYLE = Automatic;
				INFOPLIST_FILE = CocktailAppTests/Info.plist;
				IPHONEOS_DEPLOYMENT_TARGET = 14.0;
				LD_RUNPATH_SEARCH_PATHS = (
					"$(inherited)",
					"@executable_path/Frameworks",
					"@loader_path/Frameworks",
				);
				PRODUCT_BUNDLE_IDENTIFIER = osorio.ramirez.CocktailAppTests;
				PRODUCT_NAME = "$(TARGET_NAME)";
				SWIFT_OPTIMIZATION_LEVEL = "-Onone";
				SWIFT_VERSION = 5.0;
				TARGETED_DEVICE_FAMILY = "1,2";
				TEST_HOST = "$(BUILT_PRODUCTS_DIR)/CocktailApp.app/CocktailApp";
			};
			name = Debug;
		};
		3E50F3F225743E3C00E86CD7 /* Release */ = {
			isa = XCBuildConfiguration;
			buildSettings = {
				ALWAYS_EMBED_SWIFT_STANDARD_LIBRARIES = YES;
				BUNDLE_LOADER = "$(TEST_HOST)";
				CLANG_ENABLE_MODULES = YES;
				CODE_SIGN_STYLE = Automatic;
				INFOPLIST_FILE = CocktailAppTests/Info.plist;
				IPHONEOS_DEPLOYMENT_TARGET = 14.0;
				LD_RUNPATH_SEARCH_PATHS = (
					"$(inherited)",
					"@executable_path/Frameworks",
					"@loader_path/Frameworks",
				);
				PRODUCT_BUNDLE_IDENTIFIER = osorio.ramirez.CocktailAppTests;
				PRODUCT_NAME = "$(TARGET_NAME)";
				SWIFT_VERSION = 5.0;
				TARGETED_DEVICE_FAMILY = "1,2";
				TEST_HOST = "$(BUILT_PRODUCTS_DIR)/CocktailApp.app/CocktailApp";
			};
			name = Release;
		};
/* End XCBuildConfiguration section */

/* Begin XCConfigurationList section */
		3E50F3BE25743E3B00E86CD7 /* Build configuration list for PBXProject "CocktailApp" */ = {
			isa = XCConfigurationList;
			buildConfigurations = (
				3E50F3EB25743E3C00E86CD7 /* Debug */,
				3E50F3EC25743E3C00E86CD7 /* Release */,
			);
			defaultConfigurationIsVisible = 0;
			defaultConfigurationName = Release;
		};
		3E50F3ED25743E3C00E86CD7 /* Build configuration list for PBXNativeTarget "CocktailApp" */ = {
			isa = XCConfigurationList;
			buildConfigurations = (
				3E50F3EE25743E3C00E86CD7 /* Debug */,
				3E50F3EF25743E3C00E86CD7 /* Release */,
			);
			defaultConfigurationIsVisible = 0;
			defaultConfigurationName = Release;
		};
		3E50F3F025743E3C00E86CD7 /* Build configuration list for PBXNativeTarget "CocktailAppTests" */ = {
			isa = XCConfigurationList;
			buildConfigurations = (
				3E50F3F125743E3C00E86CD7 /* Debug */,
				3E50F3F225743E3C00E86CD7 /* Release */,
			);
			defaultConfigurationIsVisible = 0;
			defaultConfigurationName = Release;
		};
/* End XCConfigurationList section */
	};
	rootObject = 3E50F3BB25743E3B00E86CD7 /* Project object */;
}
